
Microsoft Visual Studio Solution File, Format Version 12.00
# Visual Studio Version 17
VisualStudioVersion = 17.11.35222.181
MinimumVisualStudioVersion = 10.0.40219.1
Project("{2150E333-8FDC-42A3-9474-1A3956D46DE8}") = "Task0", "Task0", "{4DC92247-305A-4834-A9B9-4C551B746383}"
EndProject
Project("{9A19103F-16F7-4668-BE54-9A1E7A4F7556}") = "Tyuiu.SungurovSV.Sprint0.Task0.V0", "Tyuiu.SungurovSV.Sprint0.Task0.V0\Tyuiu.SungurovSV.Sprint0.Task0.V0.csproj", "{1C8152F6-C3B4-4EF2-8ED1-AEC37C94E1BA}"
EndProject
Project("{2150E333-8FDC-42A3-9474-1A3956D46DE8}") = "Task1", "Task1", "{A010620D-9C23-4196-A3BC-2B9E100A6105}"
EndProject
Project("{9A19103F-16F7-4668-BE54-9A1E7A4F7556}") = "Tyuiu.SungurovSV.Sprint0.Task1.V0", "Tyuiu.SungurovSV.Sprint0.Task1.V0\Tyuiu.SungurovSV.Sprint0.Task1.V0.csproj", "{E3B07EBE-5EB7-4336-8C84-997DE4497BCC}"
EndProject
Project("{2150E333-8FDC-42A3-9474-1A3956D46DE8}") = "Task2", "Task2", "{9E87FD6D-6352-4E82-B822-7EAC22C934E8}"
EndProject
Project("{FAE04EC0-301F-11D3-BF4B-00C04F79EFBC}") = "Tyuiu.SungurovSV.Sprint0.Task2.V0", "Tyuiu.SungurovSV.Sprint0.Task2.V0\Tyuiu.SungurovSV.Sprint0.Task2.V0.csproj", "{C4D2CF28-9120-4F49-938D-38A0A8DAA22A}"
EndProject
Project("{FAE04EC0-301F-11D3-BF4B-00C04F79EFBC}") = "Tyuiu.SungurovSV.Sprint0.Task2.V0.Lib", "Tyuiu.SungurovSV.Sprint0.Task2.V0.Lib\Tyuiu.SungurovSV.Sprint0.Task2.V0.Lib.csproj", "{E424E26F-34C4-4500-905B-31B335C68D96}"
EndProject
Project("{FAE04EC0-301F-11D3-BF4B-00C04F79EFBC}") = "Tyuiu.SungurovSV.Sprint0.Task2.V0.Test", "Tyuiu.SungurovSV.Sprint0.Task2.V0.Test\Tyuiu.SungurovSV.Sprint0.Task2.V0.Test.csproj", "{F1CC4775-0570-4BD6-895C-3BE075368137}"
EndProject
Project("{2150E333-8FDC-42A3-9474-1A3956D46DE8}") = "Task3", "Task3", "{F4CFE2E4-B009-4AD3-9C5C-76B001FC9464}"
EndProject
Project("{FAE04EC0-301F-11D3-BF4B-00C04F79EFBC}") = "Tyuiu.SungurovSV.Sprint0.Task3.V0", "Tyuiu.SungurovSV.Sprint0.Task3.V0\Tyuiu.SungurovSV.Sprint0.Task3.V0.csproj", "{F0AE18BF-BC7E-4584-B8D2-4F60BD5D9A42}"
EndProject
Project("{FAE04EC0-301F-11D3-BF4B-00C04F79EFBC}") = "Tyuiu.SungurovSV.Sprint0.Task3.V0.Lib", "Tyuiu.SungurovSV.Sprint0.Task3.V0.Lib\Tyuiu.SungurovSV.Sprint0.Task3.V0.Lib.csproj", "{A0F1E2A1-BB40-47E3-9EC4-1E6C450E0DB4}"
EndProject
Project("{FAE04EC0-301F-11D3-BF4B-00C04F79EFBC}") = "Tyuiu.SungurovSV.Sprint0.Task3.V0.Test", "Tyuiu.SungurovSV.Sprint0.Task3.V0.Test\Tyuiu.SungurovSV.Sprint0.Task3.V0.Test.csproj", "{A5E06CA8-290C-42AA-874A-323FE3010C74}"
EndProject
Project("{2150E333-8FDC-42A3-9474-1A3956D46DE8}") = "Task4", "Task4", "{51C8E298-AC77-479D-BB93-41E1F05E10E2}"
EndProject
Project("{FAE04EC0-301F-11D3-BF4B-00C04F79EFBC}") = "Tyuiu.SungurovSV.Sprint0.Task4.V0", "Tyuiu.SungurovSV.Sprint0.Task4.V0\Tyuiu.SungurovSV.Sprint0.Task4.V0.csproj", "{683D77C8-8277-4436-B8F0-7545D671F4DA}"
EndProject
Project("{FAE04EC0-301F-11D3-BF4B-00C04F79EFBC}") = "Tyuiu.SungurovSV.Sprint0.Task4.V0.Lib", "Tyuiu.SungurovSV.Sprint0.Task4.V0.Lib\Tyuiu.SungurovSV.Sprint0.Task4.V0.Lib.csproj", "{525E180F-7477-4E58-8CA0-3D7124FA01DB}"
EndProject
Project("{FAE04EC0-301F-11D3-BF4B-00C04F79EFBC}") = "Tyuiu.SungurovSV.Sprint0.Task4.V0.Test", "Tyuiu.SungurovSV.Sprint0.Task4.V0.Test\Tyuiu.SungurovSV.Sprint0.Task4.V0.Test.csproj", "{B0CD8B19-09E3-4CB3-A8DD-797E5CC65491}"
EndProject
Project("{2150E333-8FDC-42A3-9474-1A3956D46DE8}") = "Task5", "Task5", "{4E6E3ADC-B58E-4F60-B22C-DAB84A9E2938}"
EndProject
Project("{FAE04EC0-301F-11D3-BF4B-00C04F79EFBC}") = "Tyuiu.SungurovSV.Sprint0.Task5.V0", "Tyuiu.SungurovSV.Sprint0.Task5.V0\Tyuiu.SungurovSV.Sprint0.Task5.V0.csproj", "{8241D5BF-9D1C-4424-9926-E0D6EB96F0FE}"
EndProject
Project("{FAE04EC0-301F-11D3-BF4B-00C04F79EFBC}") = "Tyuiu.SungurovSV.Sprint0.Task5.V0.Lib", "Tyuiu.SungurovSV.Sprint0.Task5.V0.Lib\Tyuiu.SungurovSV.Sprint0.Task5.V0.Lib.csproj", "{69183FFF-45D1-493B-A17A-C534C6BC6BD1}"
EndProject
Project("{FAE04EC0-301F-11D3-BF4B-00C04F79EFBC}") = "Tyuiu.SungurovSV.Sprint0.Task5.V0.Test", "Tyuiu.SungurovSV.Sprint0.Task5.V0.Test\Tyuiu.SungurovSV.Sprint0.Task5.V0.Test.csproj", "{1BEBE02D-A2FC-4937-8474-497869463DFA}"
EndProject
Global
	GlobalSection(SolutionConfigurationPlatforms) = preSolution
		Debug|Any CPU = Debug|Any CPU
		Release|Any CPU = Release|Any CPU
	EndGlobalSection
	GlobalSection(ProjectConfigurationPlatforms) = postSolution
		{1C8152F6-C3B4-4EF2-8ED1-AEC37C94E1BA}.Debug|Any CPU.ActiveCfg = Debug|Any CPU
		{1C8152F6-C3B4-4EF2-8ED1-AEC37C94E1BA}.Debug|Any CPU.Build.0 = Debug|Any CPU
		{1C8152F6-C3B4-4EF2-8ED1-AEC37C94E1BA}.Release|Any CPU.ActiveCfg = Release|Any CPU
		{1C8152F6-C3B4-4EF2-8ED1-AEC37C94E1BA}.Release|Any CPU.Build.0 = Release|Any CPU
		{E3B07EBE-5EB7-4336-8C84-997DE4497BCC}.Debug|Any CPU.ActiveCfg = Debug|Any CPU
		{E3B07EBE-5EB7-4336-8C84-997DE4497BCC}.Debug|Any CPU.Build.0 = Debug|Any CPU
		{E3B07EBE-5EB7-4336-8C84-997DE4497BCC}.Release|Any CPU.ActiveCfg = Release|Any CPU
		{E3B07EBE-5EB7-4336-8C84-997DE4497BCC}.Release|Any CPU.Build.0 = Release|Any CPU
		{C4D2CF28-9120-4F49-938D-38A0A8DAA22A}.Debug|Any CPU.ActiveCfg = Debug|Any CPU
		{C4D2CF28-9120-4F49-938D-38A0A8DAA22A}.Debug|Any CPU.Build.0 = Debug|Any CPU
		{C4D2CF28-9120-4F49-938D-38A0A8DAA22A}.Release|Any CPU.ActiveCfg = Release|Any CPU
		{C4D2CF28-9120-4F49-938D-38A0A8DAA22A}.Release|Any CPU.Build.0 = Release|Any CPU
		{E424E26F-34C4-4500-905B-31B335C68D96}.Debug|Any CPU.ActiveCfg = Debug|Any CPU
		{E424E26F-34C4-4500-905B-31B335C68D96}.Debug|Any CPU.Build.0 = Debug|Any CPU
		{E424E26F-34C4-4500-905B-31B335C68D96}.Release|Any CPU.ActiveCfg = Release|Any CPU
		{E424E26F-34C4-4500-905B-31B335C68D96}.Release|Any CPU.Build.0 = Release|Any CPU
		{F1CC4775-0570-4BD6-895C-3BE075368137}.Debug|Any CPU.ActiveCfg = Debug|Any CPU
		{F1CC4775-0570-4BD6-895C-3BE075368137}.Debug|Any CPU.Build.0 = Debug|Any CPU
		{F1CC4775-0570-4BD6-895C-3BE075368137}.Release|Any CPU.ActiveCfg = Release|Any CPU
		{F1CC4775-0570-4BD6-895C-3BE075368137}.Release|Any CPU.Build.0 = Release|Any CPU
		{F0AE18BF-BC7E-4584-B8D2-4F60BD5D9A42}.Debug|Any CPU.ActiveCfg = Debug|Any CPU
		{F0AE18BF-BC7E-4584-B8D2-4F60BD5D9A42}.Debug|Any CPU.Build.0 = Debug|Any CPU
		{F0AE18BF-BC7E-4584-B8D2-4F60BD5D9A42}.Release|Any CPU.ActiveCfg = Release|Any CPU
		{F0AE18BF-BC7E-4584-B8D2-4F60BD5D9A42}.Release|Any CPU.Build.0 = Release|Any CPU
		{A0F1E2A1-BB40-47E3-9EC4-1E6C450E0DB4}.Debug|Any CPU.ActiveCfg = Debug|Any CPU
		{A0F1E2A1-BB40-47E3-9EC4-1E6C450E0DB4}.Debug|Any CPU.Build.0 = Debug|Any CPU
		{A0F1E2A1-BB40-47E3-9EC4-1E6C450E0DB4}.Release|Any CPU.ActiveCfg = Release|Any CPU
		{A0F1E2A1-BB40-47E3-9EC4-1E6C450E0DB4}.Release|Any CPU.Build.0 = Release|Any CPU
		{A5E06CA8-290C-42AA-874A-323FE3010C74}.Debug|Any CPU.ActiveCfg = Debug|Any CPU
		{A5E06CA8-290C-42AA-874A-323FE3010C74}.Debug|Any CPU.Build.0 = Debug|Any CPU
		{A5E06CA8-290C-42AA-874A-323FE3010C74}.Release|Any CPU.ActiveCfg = Release|Any CPU
		{A5E06CA8-290C-42AA-874A-323FE3010C74}.Release|Any CPU.Build.0 = Release|Any CPU
		{683D77C8-8277-4436-B8F0-7545D671F4DA}.Debug|Any CPU.ActiveCfg = Debug|Any CPU
		{683D77C8-8277-4436-B8F0-7545D671F4DA}.Debug|Any CPU.Build.0 = Debug|Any CPU
		{683D77C8-8277-4436-B8F0-7545D671F4DA}.Release|Any CPU.ActiveCfg = Release|Any CPU
		{683D77C8-8277-4436-B8F0-7545D671F4DA}.Release|Any CPU.Build.0 = Release|Any CPU
		{525E180F-7477-4E58-8CA0-3D7124FA01DB}.Debug|Any CPU.ActiveCfg = Debug|Any CPU
		{525E180F-7477-4E58-8CA0-3D7124FA01DB}.Debug|Any CPU.Build.0 = Debug|Any CPU
		{525E180F-7477-4E58-8CA0-3D7124FA01DB}.Release|Any CPU.ActiveCfg = Release|Any CPU
		{525E180F-7477-4E58-8CA0-3D7124FA01DB}.Release|Any CPU.Build.0 = Release|Any CPU
		{B0CD8B19-09E3-4CB3-A8DD-797E5CC65491}.Debug|Any CPU.ActiveCfg = Debug|Any CPU
		{B0CD8B19-09E3-4CB3-A8DD-797E5CC65491}.Debug|Any CPU.Build.0 = Debug|Any CPU
		{B0CD8B19-09E3-4CB3-A8DD-797E5CC65491}.Release|Any CPU.ActiveCfg = Release|Any CPU
		{B0CD8B19-09E3-4CB3-A8DD-797E5CC65491}.Release|Any CPU.Build.0 = Release|Any CPU
		{8241D5BF-9D1C-4424-9926-E0D6EB96F0FE}.Debug|Any CPU.ActiveCfg = Debug|Any CPU
		{8241D5BF-9D1C-4424-9926-E0D6EB96F0FE}.Debug|Any CPU.Build.0 = Debug|Any CPU
		{8241D5BF-9D1C-4424-9926-E0D6EB96F0FE}.Release|Any CPU.ActiveCfg = Release|Any CPU
		{8241D5BF-9D1C-4424-9926-E0D6EB96F0FE}.Release|Any CPU.Build.0 = Release|Any CPU
		{69183FFF-45D1-493B-A17A-C534C6BC6BD1}.Debug|Any CPU.ActiveCfg = Debug|Any CPU
		{69183FFF-45D1-493B-A17A-C534C6BC6BD1}.Debug|Any CPU.Build.0 = Debug|Any CPU
		{69183FFF-45D1-493B-A17A-C534C6BC6BD1}.Release|Any CPU.ActiveCfg = Release|Any CPU
		{69183FFF-45D1-493B-A17A-C534C6BC6BD1}.Release|Any CPU.Build.0 = Release|Any CPU
		{1BEBE02D-A2FC-4937-8474-497869463DFA}.Debug|Any CPU.ActiveCfg = Debug|Any CPU
		{1BEBE02D-A2FC-4937-8474-497869463DFA}.Debug|Any CPU.Build.0 = Debug|Any CPU
		{1BEBE02D-A2FC-4937-8474-497869463DFA}.Release|Any CPU.ActiveCfg = Release|Any CPU
		{1BEBE02D-A2FC-4937-8474-497869463DFA}.Release|Any CPU.Build.0 = Release|Any CPU
	EndGlobalSection
	GlobalSection(SolutionProperties) = preSolution
		HideSolutionNode = FALSE
	EndGlobalSection
	GlobalSection(NestedProjects) = preSolution
		{1C8152F6-C3B4-4EF2-8ED1-AEC37C94E1BA} = {4DC92247-305A-4834-A9B9-4C551B746383}
		{E3B07EBE-5EB7-4336-8C84-997DE4497BCC} = {A010620D-9C23-4196-A3BC-2B9E100A6105}
		{C4D2CF28-9120-4F49-938D-38A0A8DAA22A} = {9E87FD6D-6352-4E82-B822-7EAC22C934E8}
		{E424E26F-34C4-4500-905B-31B335C68D96} = {9E87FD6D-6352-4E82-B822-7EAC22C934E8}
		{F1CC4775-0570-4BD6-895C-3BE075368137} = {9E87FD6D-6352-4E82-B822-7EAC22C934E8}
		{F0AE18BF-BC7E-4584-B8D2-4F60BD5D9A42} = {F4CFE2E4-B009-4AD3-9C5C-76B001FC9464}
		{A0F1E2A1-BB40-47E3-9EC4-1E6C450E0DB4} = {F4CFE2E4-B009-4AD3-9C5C-76B001FC9464}
		{A5E06CA8-290C-42AA-874A-323FE3010C74} = {F4CFE2E4-B009-4AD3-9C5C-76B001FC9464}
		{683D77C8-8277-4436-B8F0-7545D671F4DA} = {51C8E298-AC77-479D-BB93-41E1F05E10E2}
		{525E180F-7477-4E58-8CA0-3D7124FA01DB} = {51C8E298-AC77-479D-BB93-41E1F05E10E2}
		{B0CD8B19-09E3-4CB3-A8DD-797E5CC65491} = {51C8E298-AC77-479D-BB93-41E1F05E10E2}
		{8241D5BF-9D1C-4424-9926-E0D6EB96F0FE} = {4E6E3ADC-B58E-4F60-B22C-DAB84A9E2938}
		{69183FFF-45D1-493B-A17A-C534C6BC6BD1} = {4E6E3ADC-B58E-4F60-B22C-DAB84A9E2938}
		{1BEBE02D-A2FC-4937-8474-497869463DFA} = {4E6E3ADC-B58E-4F60-B22C-DAB84A9E2938}
	EndGlobalSection
	GlobalSection(ExtensibilityGlobals) = postSolution
		SolutionGuid = {4350D288-B9D0-4732-B809-497B81FFF371}
	EndGlobalSection
EndGlobal
